// !$*UTF8*$!
{
	archiveVersion = 1;
	classes = {
	};
	objectVersion = 56;
	objects = {

/* Begin PBXBuildFile section */
		4F9720212B19F22400F6A794 /* AdventOfCodeDay1.swift in Sources */ = {isa = PBXBuildFile; fileRef = 4F9720202B19F22400F6A794 /* AdventOfCodeDay1.swift */; };
		4F9720232B19F22400F6A794 /* ContentView.swift in Sources */ = {isa = PBXBuildFile; fileRef = 4F9720222B19F22400F6A794 /* ContentView.swift */; };
		4F9720252B19F22600F6A794 /* Assets.xcassets in Resources */ = {isa = PBXBuildFile; fileRef = 4F9720242B19F22600F6A794 /* Assets.xcassets */; };
		4F9720282B19F22600F6A794 /* Preview Assets.xcassets in Resources */ = {isa = PBXBuildFile; fileRef = 4F9720272B19F22600F6A794 /* Preview Assets.xcassets */; };
		4F9720322B19F22600F6A794 /* Advent_of_Code___Day_1Tests.swift in Sources */ = {isa = PBXBuildFile; fileRef = 4F9720312B19F22600F6A794 /* Advent_of_Code___Day_1Tests.swift */; };
		4F97203C2B19F22600F6A794 /* Advent_of_Code___Day_1UITests.swift in Sources */ = {isa = PBXBuildFile; fileRef = 4F97203B2B19F22600F6A794 /* Advent_of_Code___Day_1UITests.swift */; };
		4F97203E2B19F22600F6A794 /* Advent_of_Code___Day_1UITestsLaunchTests.swift in Sources */ = {isa = PBXBuildFile; fileRef = 4F97203D2B19F22600F6A794 /* Advent_of_Code___Day_1UITestsLaunchTests.swift */; };
		4F97204B2B19F26000F6A794 /* CalibrationDocument.swift in Sources */ = {isa = PBXBuildFile; fileRef = 4F97204A2B19F26000F6A794 /* CalibrationDocument.swift */; };
/* End PBXBuildFile section */

/* Begin PBXContainerItemProxy section */
		4F97202E2B19F22600F6A794 /* PBXContainerItemProxy */ = {
			isa = PBXContainerItemProxy;
			containerPortal = 4F9720152B19F22400F6A794 /* Project object */;
			proxyType = 1;
			remoteGlobalIDString = 4F97201C2B19F22400F6A794;
			remoteInfo = "Advent of Code - Day 1";
		};
		4F9720382B19F22600F6A794 /* PBXContainerItemProxy */ = {
			isa = PBXContainerItemProxy;
			containerPortal = 4F9720152B19F22400F6A794 /* Project object */;
			proxyType = 1;
			remoteGlobalIDString = 4F97201C2B19F22400F6A794;
			remoteInfo = "Advent of Code - Day 1";
		};
/* End PBXContainerItemProxy section */

/* Begin PBXFileReference section */
		4F97201D2B19F22400F6A794 /* Advent of Code - Day 1.app */ = {isa = PBXFileReference; explicitFileType = wrapper.application; includeInIndex = 0; path = "Advent of Code - Day 1.app"; sourceTree = BUILT_PRODUCTS_DIR; };
		4F9720202B19F22400F6A794 /* AdventOfCodeDay1.swift */ = {isa = PBXFileReference; lastKnownFileType = sourcecode.swift; path = AdventOfCodeDay1.swift; sourceTree = "<group>"; };
		4F9720222B19F22400F6A794 /* ContentView.swift */ = {isa = PBXFileReference; lastKnownFileType = sourcecode.swift; path = ContentView.swift; sourceTree = "<group>"; };
		4F9720242B19F22600F6A794 /* Assets.xcassets */ = {isa = PBXFileReference; lastKnownFileType = folder.assetcatalog; path = Assets.xcassets; sourceTree = "<group>"; };
		4F9720272B19F22600F6A794 /* Preview Assets.xcassets */ = {isa = PBXFileReference; lastKnownFileType = folder.assetcatalog; path = "Preview Assets.xcassets"; sourceTree = "<group>"; };
		4F97202D2B19F22600F6A794 /* Advent of Code - Day 1Tests.xctest */ = {isa = PBXFileReference; explicitFileType = wrapper.cfbundle; includeInIndex = 0; path = "Advent of Code - Day 1Tests.xctest"; sourceTree = BUILT_PRODUCTS_DIR; };
		4F9720312B19F22600F6A794 /* Advent_of_Code___Day_1Tests.swift */ = {isa = PBXFileReference; lastKnownFileType = sourcecode.swift; path = "Advent_of_Code___Day_1Tests.swift"; sourceTree = "<group>"; };
		4F9720372B19F22600F6A794 /* Advent of Code - Day 1UITests.xctest */ = {isa = PBXFileReference; explicitFileType = wrapper.cfbundle; includeInIndex = 0; path = "Advent of Code - Day 1UITests.xctest"; sourceTree = BUILT_PRODUCTS_DIR; };
		4F97203B2B19F22600F6A794 /* Advent_of_Code___Day_1UITests.swift */ = {isa = PBXFileReference; lastKnownFileType = sourcecode.swift; path = "Advent_of_Code___Day_1UITests.swift"; sourceTree = "<group>"; };
		4F97203D2B19F22600F6A794 /* Advent_of_Code___Day_1UITestsLaunchTests.swift */ = {isa = PBXFileReference; lastKnownFileType = sourcecode.swift; path = "Advent_of_Code___Day_1UITestsLaunchTests.swift"; sourceTree = "<group>"; };
		4F97204A2B19F26000F6A794 /* CalibrationDocument.swift */ = {isa = PBXFileReference; lastKnownFileType = sourcecode.swift; path = CalibrationDocument.swift; sourceTree = "<group>"; };
/* End PBXFileReference section */

/* Begin PBXFrameworksBuildPhase section */
		4F97201A2B19F22400F6A794 /* Frameworks */ = {
			isa = PBXFrameworksBuildPhase;
			buildActionMask = 2147483647;
			files = (
			);
			runOnlyForDeploymentPostprocessing = 0;
		};
		4F97202A2B19F22600F6A794 /* Frameworks */ = {
			isa = PBXFrameworksBuildPhase;
			buildActionMask = 2147483647;
			files = (
			);
			runOnlyForDeploymentPostprocessing = 0;
		};
		4F9720342B19F22600F6A794 /* Frameworks */ = {
			isa = PBXFrameworksBuildPhase;
			buildActionMask = 2147483647;
			files = (
			);
			runOnlyForDeploymentPostprocessing = 0;
		};
/* End PBXFrameworksBuildPhase section */

/* Begin PBXGroup section */
		4F9720142B19F22400F6A794 = {
			isa = PBXGroup;
			children = (
				4F97201F2B19F22400F6A794 /* Advent of Code - Day 1 */,
				4F9720302B19F22600F6A794 /* Advent of Code - Day 1Tests */,
				4F97203A2B19F22600F6A794 /* Advent of Code - Day 1UITests */,
				4F97201E2B19F22400F6A794 /* Products */,
			);
			sourceTree = "<group>";
		};
		4F97201E2B19F22400F6A794 /* Products */ = {
			isa = PBXGroup;
			children = (
				4F97201D2B19F22400F6A794 /* Advent of Code - Day 1.app */,
				4F97202D2B19F22600F6A794 /* Advent of Code - Day 1Tests.xctest */,
				4F9720372B19F22600F6A794 /* Advent of Code - Day 1UITests.xctest */,
			);
			name = Products;
			sourceTree = "<group>";
		};
		4F97201F2B19F22400F6A794 /* Advent of Code - Day 1 */ = {
			isa = PBXGroup;
			children = (
				4F9720202B19F22400F6A794 /* AdventOfCodeDay1.swift */,
				4F9720222B19F22400F6A794 /* ContentView.swift */,
				4F97204A2B19F26000F6A794 /* CalibrationDocument.swift */,
				4F9720242B19F22600F6A794 /* Assets.xcassets */,
				4F9720262B19F22600F6A794 /* Preview Content */,
			);
			path = "Advent of Code - Day 1";
			sourceTree = "<group>";
		};
		4F9720262B19F22600F6A794 /* Preview Content */ = {
			isa = PBXGroup;
			children = (
				4F9720272B19F22600F6A794 /* Preview Assets.xcassets */,
			);
			path = "Preview Content";
			sourceTree = "<group>";
		};
		4F9720302B19F22600F6A794 /* Advent of Code - Day 1Tests */ = {
			isa = PBXGroup;
			children = (
				4F9720312B19F22600F6A794 /* Advent_of_Code___Day_1Tests.swift */,
			);
			path = "Advent of Code - Day 1Tests";
			sourceTree = "<group>";
		};
		4F97203A2B19F22600F6A794 /* Advent of Code - Day 1UITests */ = {
			isa = PBXGroup;
			children = (
				4F97203B2B19F22600F6A794 /* Advent_of_Code___Day_1UITests.swift */,
				4F97203D2B19F22600F6A794 /* Advent_of_Code___Day_1UITestsLaunchTests.swift */,
			);
			path = "Advent of Code - Day 1UITests";
			sourceTree = "<group>";
		};
/* End PBXGroup section */

/* Begin PBXNativeTarget section */
		4F97201C2B19F22400F6A794 /* Advent of Code - Day 1 */ = {
			isa = PBXNativeTarget;
			buildConfigurationList = 4F9720412B19F22600F6A794 /* Build configuration list for PBXNativeTarget "Advent of Code - Day 1" */;
			buildPhases = (
				4F9720192B19F22400F6A794 /* Sources */,
				4F97201A2B19F22400F6A794 /* Frameworks */,
				4F97201B2B19F22400F6A794 /* Resources */,
			);
			buildRules = (
			);
			dependencies = (
			);
			name = "Advent of Code - Day 1";
			productName = "Advent of Code - Day 1";
			productReference = 4F97201D2B19F22400F6A794 /* Advent of Code - Day 1.app */;
			productType = "com.apple.product-type.application";
		};
		4F97202C2B19F22600F6A794 /* Advent of Code - Day 1Tests */ = {
			isa = PBXNativeTarget;
			buildConfigurationList = 4F9720442B19F22600F6A794 /* Build configuration list for PBXNativeTarget "Advent of Code - Day 1Tests" */;
			buildPhases = (
				4F9720292B19F22600F6A794 /* Sources */,
				4F97202A2B19F22600F6A794 /* Frameworks */,
				4F97202B2B19F22600F6A794 /* Resources */,
			);
			buildRules = (
			);
			dependencies = (
				4F97202F2B19F22600F6A794 /* PBXTargetDependency */,
			);
			name = "Advent of Code - Day 1Tests";
			productName = "Advent of Code - Day 1Tests";
			productReference = 4F97202D2B19F22600F6A794 /* Advent of Code - Day 1Tests.xctest */;
			productType = "com.apple.product-type.bundle.unit-test";
		};
		4F9720362B19F22600F6A794 /* Advent of Code - Day 1UITests */ = {
			isa = PBXNativeTarget;
			buildConfigurationList = 4F9720472B19F22600F6A794 /* Build configuration list for PBXNativeTarget "Advent of Code - Day 1UITests" */;
			buildPhases = (
				4F9720332B19F22600F6A794 /* Sources */,
				4F9720342B19F22600F6A794 /* Frameworks */,
				4F9720352B19F22600F6A794 /* Resources */,
			);
			buildRules = (
			);
			dependencies = (
				4F9720392B19F22600F6A794 /* PBXTargetDependency */,
			);
			name = "Advent of Code - Day 1UITests";
			productName = "Advent of Code - Day 1UITests";
			productReference = 4F9720372B19F22600F6A794 /* Advent of Code - Day 1UITests.xctest */;
			productType = "com.apple.product-type.bundle.ui-testing";
		};
/* End PBXNativeTarget section */

/* Begin PBXProject section */
		4F9720152B19F22400F6A794 /* Project object */ = {
			isa = PBXProject;
			attributes = {
				BuildIndependentTargetsInParallel = 1;
				LastSwiftUpdateCheck = 1500;
				LastUpgradeCheck = 1500;
				TargetAttributes = {
					4F97201C2B19F22400F6A794 = {
						CreatedOnToolsVersion = 15.0.1;
					};
					4F97202C2B19F22600F6A794 = {
						CreatedOnToolsVersion = 15.0.1;
						TestTargetID = 4F97201C2B19F22400F6A794;
					};
					4F9720362B19F22600F6A794 = {
						CreatedOnToolsVersion = 15.0.1;
						TestTargetID = 4F97201C2B19F22400F6A794;
					};
				};
			};
			buildConfigurationList = 4F9720182B19F22400F6A794 /* Build configuration list for PBXProject "Advent of Code - Day 1" */;
			compatibilityVersion = "Xcode 14.0";
			developmentRegion = en;
			hasScannedForEncodings = 0;
			knownRegions = (
				en,
				Base,
			);
			mainGroup = 4F9720142B19F22400F6A794;
			productRefGroup = 4F97201E2B19F22400F6A794 /* Products */;
			projectDirPath = "";
			projectRoot = "";
			targets = (
				4F97201C2B19F22400F6A794 /* Advent of Code - Day 1 */,
				4F97202C2B19F22600F6A794 /* Advent of Code - Day 1Tests */,
				4F9720362B19F22600F6A794 /* Advent of Code - Day 1UITests */,
			);
		};
/* End PBXProject section */

/* Begin PBXResourcesBuildPhase section */
		4F97201B2B19F22400F6A794 /* Resources */ = {
			isa = PBXResourcesBuildPhase;
			buildActionMask = 2147483647;
			files = (
				4F9720282B19F22600F6A794 /* Preview Assets.xcassets in Resources */,
				4F9720252B19F22600F6A794 /* Assets.xcassets in Resources */,
			);
			runOnlyForDeploymentPostprocessing = 0;
		};
		4F97202B2B19F22600F6A794 /* Resources */ = {
			isa = PBXResourcesBuildPhase;
			buildActionMask = 2147483647;
			files = (
			);
			runOnlyForDeploymentPostprocessing = 0;
		};
		4F9720352B19F22600F6A794 /* Resources */ = {
			isa = PBXResourcesBuildPhase;
			buildActionMask = 2147483647;
			files = (
			);
			runOnlyForDeploymentPostprocessing = 0;
		};
/* End PBXResourcesBuildPhase section */

/* Begin PBXSourcesBuildPhase section */
		4F9720192B19F22400F6A794 /* Sources */ = {
			isa = PBXSourcesBuildPhase;
			buildActionMask = 2147483647;
			files = (
				4F9720232B19F22400F6A794 /* ContentView.swift in Sources */,
				4F9720212B19F22400F6A794 /* AdventOfCodeDay1.swift in Sources */,
				4F97204B2B19F26000F6A794 /* CalibrationDocument.swift in Sources */,
			);
			runOnlyForDeploymentPostprocessing = 0;
		};
		4F9720292B19F22600F6A794 /* Sources */ = {
			isa = PBXSourcesBuildPhase;
			buildActionMask = 2147483647;
			files = (
				4F9720322B19F22600F6A794 /* Advent_of_Code___Day_1Tests.swift in Sources */,
			);
			runOnlyForDeploymentPostprocessing = 0;
		};
		4F9720332B19F22600F6A794 /* Sources */ = {
			isa = PBXSourcesBuildPhase;
			buildActionMask = 2147483647;
			files = (
				4F97203C2B19F22600F6A794 /* Advent_of_Code___Day_1UITests.swift in Sources */,
				4F97203E2B19F22600F6A794 /* Advent_of_Code___Day_1UITestsLaunchTests.swift in Sources */,
			);
			runOnlyForDeploymentPostprocessing = 0;
		};
/* End PBXSourcesBuildPhase section */

/* Begin PBXTargetDependency section */
		4F97202F2B19F22600F6A794 /* PBXTargetDependency */ = {
			isa = PBXTargetDependency;
			target = 4F97201C2B19F22400F6A794 /* Advent of Code - Day 1 */;
			targetProxy = 4F97202E2B19F22600F6A794 /* PBXContainerItemProxy */;
		};
		4F9720392B19F22600F6A794 /* PBXTargetDependency */ = {
			isa = PBXTargetDependency;
			target = 4F97201C2B19F22400F6A794 /* Advent of Code - Day 1 */;
			targetProxy = 4F9720382B19F22600F6A794 /* PBXContainerItemProxy */;
		};
/* End PBXTargetDependency section */

/* Begin XCBuildConfiguration section */
		4F97203F2B19F22600F6A794 /* Debug */ = {
			isa = XCBuildConfiguration;
			buildSettings = {
				ALWAYS_SEARCH_USER_PATHS = NO;
				ASSETCATALOG_COMPILER_GENERATE_SWIFT_ASSET_SYMBOL_EXTENSIONS = YES;
				CLANG_ANALYZER_NONNULL = YES;
				CLANG_ANALYZER_NUMBER_OBJECT_CONVERSION = YES_AGGRESSIVE;
				CLANG_CXX_LANGUAGE_STANDARD = "gnu++20";
				CLANG_ENABLE_MODULES = YES;
				CLANG_ENABLE_OBJC_ARC = YES;
				CLANG_ENABLE_OBJC_WEAK = YES;
				CLANG_WARN_BLOCK_CAPTURE_AUTORELEASING = YES;
				CLANG_WARN_BOOL_CONVERSION = YES;
				CLANG_WARN_COMMA = YES;
				CLANG_WARN_CONSTANT_CONVERSION = YES;
				CLANG_WARN_DEPRECATED_OBJC_IMPLEMENTATIONS = YES;
				CLANG_WARN_DIRECT_OBJC_ISA_USAGE = YES_ERROR;
				CLANG_WARN_DOCUMENTATION_COMMENTS = YES;
				CLANG_WARN_EMPTY_BODY = YES;
				CLANG_WARN_ENUM_CONVERSION = YES;
				CLANG_WARN_INFINITE_RECURSION = YES;
				CLANG_WARN_INT_CONVERSION = YES;
				CLANG_WARN_NON_LITERAL_NULL_CONVERSION = YES;
				CLANG_WARN_OBJC_IMPLICIT_RETAIN_SELF = YES;
				CLANG_WARN_OBJC_LITERAL_CONVERSION = YES;
				CLANG_WARN_OBJC_ROOT_CLASS = YES_ERROR;
				CLANG_WARN_QUOTED_INCLUDE_IN_FRAMEWORK_HEADER = YES;
				CLANG_WARN_RANGE_LOOP_ANALYSIS = YES;
				CLANG_WARN_STRICT_PROTOTYPES = YES;
				CLANG_WARN_SUSPICIOUS_MOVE = YES;
				CLANG_WARN_UNGUARDED_AVAILABILITY = YES_AGGRESSIVE;
				CLANG_WARN_UNREACHABLE_CODE = YES;
				CLANG_WARN__DUPLICATE_METHOD_MATCH = YES;
				COPY_PHASE_STRIP = NO;
				DEBUG_INFORMATION_FORMAT = dwarf;
				ENABLE_STRICT_OBJC_MSGSEND = YES;
				ENABLE_TESTABILITY = YES;
				ENABLE_USER_SCRIPT_SANDBOXING = YES;
				GCC_C_LANGUAGE_STANDARD = gnu17;
				GCC_DYNAMIC_NO_PIC = NO;
				GCC_NO_COMMON_BLOCKS = YES;
				GCC_OPTIMIZATION_LEVEL = 0;
				GCC_PREPROCESSOR_DEFINITIONS = (
					"DEBUG=1",
					"$(inherited)",
				);
				GCC_WARN_64_TO_32_BIT_CONVERSION = YES;
				GCC_WARN_ABOUT_RETURN_TYPE = YES_ERROR;
				GCC_WARN_UNDECLARED_SELECTOR = YES;
				GCC_WARN_UNINITIALIZED_AUTOS = YES_AGGRESSIVE;
				GCC_WARN_UNUSED_FUNCTION = YES;
				GCC_WARN_UNUSED_VARIABLE = YES;
				IPHONEOS_DEPLOYMENT_TARGET = 17.0;
				LOCALIZATION_PREFERS_STRING_CATALOGS = YES;
				MTL_ENABLE_DEBUG_INFO = INCLUDE_SOURCE;
				MTL_FAST_MATH = YES;
				ONLY_ACTIVE_ARCH = YES;
				SDKROOT = iphoneos;
				SWIFT_ACTIVE_COMPILATION_CONDITIONS = "DEBUG $(inherited)";
				SWIFT_OPTIMIZATION_LEVEL = "-Onone";
			};
			name = Debug;
		};
		4F9720402B19F22600F6A794 /* Release */ = {
			isa = XCBuildConfiguration;
			buildSettings = {
				ALWAYS_SEARCH_USER_PATHS = NO;
				ASSETCATALOG_COMPILER_GENERATE_SWIFT_ASSET_SYMBOL_EXTENSIONS = YES;
				CLANG_ANALYZER_NONNULL = YES;
				CLANG_ANALYZER_NUMBER_OBJECT_CONVERSION = YES_AGGRESSIVE;
				CLANG_CXX_LANGUAGE_STANDARD = "gnu++20";
				CLANG_ENABLE_MODULES = YES;
				CLANG_ENABLE_OBJC_ARC = YES;
				CLANG_ENABLE_OBJC_WEAK = YES;
				CLANG_WARN_BLOCK_CAPTURE_AUTORELEASING = YES;
				CLANG_WARN_BOOL_CONVERSION = YES;
				CLANG_WARN_COMMA = YES;
				CLANG_WARN_CONSTANT_CONVERSION = YES;
				CLANG_WARN_DEPRECATED_OBJC_IMPLEMENTATIONS = YES;
				CLANG_WARN_DIRECT_OBJC_ISA_USAGE = YES_ERROR;
				CLANG_WARN_DOCUMENTATION_COMMENTS = YES;
				CLANG_WARN_EMPTY_BODY = YES;
				CLANG_WARN_ENUM_CONVERSION = YES;
				CLANG_WARN_INFINITE_RECURSION = YES;
				CLANG_WARN_INT_CONVERSION = YES;
				CLANG_WARN_NON_LITERAL_NULL_CONVERSION = YES;
				CLANG_WARN_OBJC_IMPLICIT_RETAIN_SELF = YES;
				CLANG_WARN_OBJC_LITERAL_CONVERSION = YES;
				CLANG_WARN_OBJC_ROOT_CLASS = YES_ERROR;
				CLANG_WARN_QUOTED_INCLUDE_IN_FRAMEWORK_HEADER = YES;
				CLANG_WARN_RANGE_LOOP_ANALYSIS = YES;
				CLANG_WARN_STRICT_PROTOTYPES = YES;
				CLANG_WARN_SUSPICIOUS_MOVE = YES;
				CLANG_WARN_UNGUARDED_AVAILABILITY = YES_AGGRESSIVE;
				CLANG_WARN_UNREACHABLE_CODE = YES;
				CLANG_WARN__DUPLICATE_METHOD_MATCH = YES;
				COPY_PHASE_STRIP = NO;
				DEBUG_INFORMATION_FORMAT = "dwarf-with-dsym";
				ENABLE_NS_ASSERTIONS = NO;
				ENABLE_STRICT_OBJC_MSGSEND = YES;
				ENABLE_USER_SCRIPT_SANDBOXING = YES;
				GCC_C_LANGUAGE_STANDARD = gnu17;
				GCC_NO_COMMON_BLOCKS = YES;
				GCC_WARN_64_TO_32_BIT_CONVERSION = YES;
				GCC_WARN_ABOUT_RETURN_TYPE = YES_ERROR;
				GCC_WARN_UNDECLARED_SELECTOR = YES;
				GCC_WARN_UNINITIALIZED_AUTOS = YES_AGGRESSIVE;
				GCC_WARN_UNUSED_FUNCTION = YES;
				GCC_WARN_UNUSED_VARIABLE = YES;
				IPHONEOS_DEPLOYMENT_TARGET = 17.0;
				LOCALIZATION_PREFERS_STRING_CATALOGS = YES;
				MTL_ENABLE_DEBUG_INFO = NO;
				MTL_FAST_MATH = YES;
				SDKROOT = iphoneos;
				SWIFT_COMPILATION_MODE = wholemodule;
				VALIDATE_PRODUCT = YES;
			};
			name = Release;
		};
		4F9720422B19F22600F6A794 /* Debug */ = {
			isa = XCBuildConfiguration;
			buildSettings = {
				ASSETCATALOG_COMPILER_APPICON_NAME = AppIcon;
				ASSETCATALOG_COMPILER_GLOBAL_ACCENT_COLOR_NAME = AccentColor;
				CODE_SIGN_STYLE = Automatic;
				CURRENT_PROJECT_VERSION = 1;
				DEVELOPMENT_ASSET_PATHS = "\"Advent of Code - Day 1/Preview Content\"";
				DEVELOPMENT_TEAM = BQ55AJ4968;
				ENABLE_PREVIEWS = YES;
				GENERATE_INFOPLIST_FILE = YES;
				INFOPLIST_KEY_UIApplicationSceneManifest_Generation = YES;
				INFOPLIST_KEY_UIApplicationSupportsIndirectInputEvents = YES;
				INFOPLIST_KEY_UILaunchScreen_Generation = YES;
				INFOPLIST_KEY_UISupportedInterfaceOrientations_iPad = "UIInterfaceOrientationPortrait UIInterfaceOrientationPortraitUpsideDown UIInterfaceOrientationLandscapeLeft UIInterfaceOrientationLandscapeRight";
				INFOPLIST_KEY_UISupportedInterfaceOrientations_iPhone = "UIInterfaceOrientationPortrait UIInterfaceOrientationLandscapeLeft UIInterfaceOrientationLandscapeRight";
				LD_RUNPATH_SEARCH_PATHS = (
					"$(inherited)",
					"@executable_path/Frameworks",
				);
				MARKETING_VERSION = 1.0;
				PRODUCT_BUNDLE_IDENTIFIER = "self.Advent-of-Code---Day-1";
				PRODUCT_NAME = "$(TARGET_NAME)";
				SWIFT_EMIT_LOC_STRINGS = YES;
				SWIFT_VERSION = 5.0;
				TARGETED_DEVICE_FAMILY = "1,2";
			};
			name = Debug;
		};
		4F9720432B19F22600F6A794 /* Release */ = {
			isa = XCBuildConfiguration;
			buildSettings = {
				ASSETCATALOG_COMPILER_APPICON_NAME = AppIcon;
				ASSETCATALOG_COMPILER_GLOBAL_ACCENT_COLOR_NAME = AccentColor;
				CODE_SIGN_STYLE = Automatic;
				CURRENT_PROJECT_VERSION = 1;
				DEVELOPMENT_ASSET_PATHS = "\"Advent of Code - Day 1/Preview Content\"";
				DEVELOPMENT_TEAM = BQ55AJ4968;
				ENABLE_PREVIEWS = YES;
				GENERATE_INFOPLIST_FILE = YES;
				INFOPLIST_KEY_UIApplicationSceneManifest_Generation = YES;
				INFOPLIST_KEY_UIApplicationSupportsIndirectInputEvents = YES;
				INFOPLIST_KEY_UILaunchScreen_Generation = YES;
				INFOPLIST_KEY_UISupportedInterfaceOrientations_iPad = "UIInterfaceOrientationPortrait UIInterfaceOrientationPortraitUpsideDown UIInterfaceOrientationLandscapeLeft UIInterfaceOrientationLandscapeRight";
				INFOPLIST_KEY_UISupportedInterfaceOrientations_iPhone = "UIInterfaceOrientationPortrait UIInterfaceOrientationLandscapeLeft UIInterfaceOrientationLandscapeRight";
				LD_RUNPATH_SEARCH_PATHS = (
					"$(inherited)",
					"@executable_path/Frameworks",
				);
				MARKETING_VERSION = 1.0;
				PRODUCT_BUNDLE_IDENTIFIER = "self.Advent-of-Code---Day-1";
				PRODUCT_NAME = "$(TARGET_NAME)";
				SWIFT_EMIT_LOC_STRINGS = YES;
				SWIFT_VERSION = 5.0;
				TARGETED_DEVICE_FAMILY = "1,2";
			};
			name = Release;
		};
		4F9720452B19F22600F6A794 /* Debug */ = {
			isa = XCBuildConfiguration;
			buildSettings = {
				ALWAYS_EMBED_SWIFT_STANDARD_LIBRARIES = YES;
				BUNDLE_LOADER = "$(TEST_HOST)";
				CODE_SIGN_STYLE = Automatic;
				CURRENT_PROJECT_VERSION = 1;
				DEVELOPMENT_TEAM = BQ55AJ4968;
				GENERATE_INFOPLIST_FILE = YES;
				IPHONEOS_DEPLOYMENT_TARGET = 17.0;
				MARKETING_VERSION = 1.0;
				PRODUCT_BUNDLE_IDENTIFIER = "self.Advent-of-Code---Day-1Tests";
				PRODUCT_NAME = "$(TARGET_NAME)";
				SWIFT_EMIT_LOC_STRINGS = NO;
				SWIFT_VERSION = 5.0;
				TARGETED_DEVICE_FAMILY = "1,2";
				TEST_HOST = "$(BUILT_PRODUCTS_DIR)/Advent of Code - Day 1.app/$(BUNDLE_EXECUTABLE_FOLDER_PATH)/Advent of Code - Day 1";
			};
			name = Debug;
		};
		4F9720462B19F22600F6A794 /* Release */ = {
			isa = XCBuildConfiguration;
			buildSettings = {
				ALWAYS_EMBED_SWIFT_STANDARD_LIBRARIES = YES;
				BUNDLE_LOADER = "$(TEST_HOST)";
				CODE_SIGN_STYLE = Automatic;
				CURRENT_PROJECT_VERSION = 1;
				DEVELOPMENT_TEAM = BQ55AJ4968;
				GENERATE_INFOPLIST_FILE = YES;
				IPHONEOS_DEPLOYMENT_TARGET = 17.0;
				MARKETING_VERSION = 1.0;
				PRODUCT_BUNDLE_IDENTIFIER = "self.Advent-of-Code---Day-1Tests";
				PRODUCT_NAME = "$(TARGET_NAME)";
				SWIFT_EMIT_LOC_STRINGS = NO;
				SWIFT_VERSION = 5.0;
				TARGETED_DEVICE_FAMILY = "1,2";
				TEST_HOST = "$(BUILT_PRODUCTS_DIR)/Advent of Code - Day 1.app/$(BUNDLE_EXECUTABLE_FOLDER_PATH)/Advent of Code - Day 1";
			};
			name = Release;
		};
		4F9720482B19F22600F6A794 /* Debug */ = {
			isa = XCBuildConfiguration;
			buildSettings = {
				ALWAYS_EMBED_SWIFT_STANDARD_LIBRARIES = YES;
				CODE_SIGN_STYLE = Automatic;
				CURRENT_PROJECT_VERSION = 1;
				DEVELOPMENT_TEAM = BQ55AJ4968;
				GENERATE_INFOPLIST_FILE = YES;
				MARKETING_VERSION = 1.0;
				PRODUCT_BUNDLE_IDENTIFIER = "self.Advent-of-Code---Day-1UITests";
				PRODUCT_NAME = "$(TARGET_NAME)";
				SWIFT_EMIT_LOC_STRINGS = NO;
				SWIFT_VERSION = 5.0;
				TARGETED_DEVICE_FAMILY = "1,2";
				TEST_TARGET_NAME = "Advent of Code - Day 1";
			};
			name = Debug;
		};
		4F9720492B19F22600F6A794 /* Release */ = {
			isa = XCBuildConfiguration;
			buildSettings = {
				ALWAYS_EMBED_SWIFT_STANDARD_LIBRARIES = YES;
				CODE_SIGN_STYLE = Automatic;
				CURRENT_PROJECT_VERSION = 1;
				DEVELOPMENT_TEAM = BQ55AJ4968;
				GENERATE_INFOPLIST_FILE = YES;
				MARKETING_VERSION = 1.0;
				PRODUCT_BUNDLE_IDENTIFIER = "self.Advent-of-Code---Day-1UITests";
				PRODUCT_NAME = "$(TARGET_NAME)";
				SWIFT_EMIT_LOC_STRINGS = NO;
				SWIFT_VERSION = 5.0;
				TARGETED_DEVICE_FAMILY = "1,2";
				TEST_TARGET_NAME = "Advent of Code - Day 1";
			};
			name = Release;
		};
/* End XCBuildConfiguration section */

/* Begin XCConfigurationList section */
		4F9720182B19F22400F6A794 /* Build configuration list for PBXProject "Advent of Code - Day 1" */ = {
			isa = XCConfigurationList;
			buildConfigurations = (
				4F97203F2B19F22600F6A794 /* Debug */,
				4F9720402B19F22600F6A794 /* Release */,
			);
			defaultConfigurationIsVisible = 0;
			defaultConfigurationName = Release;
		};
		4F9720412B19F22600F6A794 /* Build configuration list for PBXNativeTarget "Advent of Code - Day 1" */ = {
			isa = XCConfigurationList;
			buildConfigurations = (
				4F9720422B19F22600F6A794 /* Debug */,
				4F9720432B19F22600F6A794 /* Release */,
			);
			defaultConfigurationIsVisible = 0;
			defaultConfigurationName = Release;
		};
		4F9720442B19F22600F6A794 /* Build configuration list for PBXNativeTarget "Advent of Code - Day 1Tests" */ = {
			isa = XCConfigurationList;
			buildConfigurations = (
				4F9720452B19F22600F6A794 /* Debug */,
				4F9720462B19F22600F6A794 /* Release */,
			);
			defaultConfigurationIsVisible = 0;
			defaultConfigurationName = Release;
		};
		4F9720472B19F22600F6A794 /* Build configuration list for PBXNativeTarget "Advent of Code - Day 1UITests" */ = {
			isa = XCConfigurationList;
			buildConfigurations = (
				4F9720482B19F22600F6A794 /* Debug */,
				4F9720492B19F22600F6A794 /* Release */,
			);
			defaultConfigurationIsVisible = 0;
			defaultConfigurationName = Release;
		};
/* End XCConfigurationList section */
	};
	rootObject = 4F9720152B19F22400F6A794 /* Project object */;
}
